
Microsoft Visual Studio Solution File, Format Version 12.00
# Visual Studio Version 17
VisualStudioVersion = 17.2.32602.215
MinimumVisualStudioVersion = 10.0.40219.1
Project("{9A19103F-16F7-4668-BE54-9A1E7A4F7556}") = "ProEventos.API", "ProEventos.API.csproj", "{BC2E333C-E3E5-4AD3-ABBB-DCF2B4474F51}"
EndProject
Global
	GlobalSection(SolutionConfigurationPlatforms) = preSolution
		Debug|Any CPU = Debug|Any CPU
		Release|Any CPU = Release|Any CPU
	EndGlobalSection
	GlobalSection(ProjectConfigurationPlatforms) = postSolution
		{BC2E333C-E3E5-4AD3-ABBB-DCF2B4474F51}.Debug|Any CPU.ActiveCfg = Debug|Any CPU
		{BC2E333C-E3E5-4AD3-ABBB-DCF2B4474F51}.Debug|Any CPU.Build.0 = Debug|Any CPU
		{BC2E333C-E3E5-4AD3-ABBB-DCF2B4474F51}.Release|Any CPU.ActiveCfg = Release|Any CPU
		{BC2E333C-E3E5-4AD3-ABBB-DCF2B4474F51}.Release|Any CPU.Build.0 = Release|Any CPU
	EndGlobalSection
	GlobalSection(SolutionProperties) = preSolution
		HideSolutionNode = FALSE
	EndGlobalSection
	GlobalSection(ExtensibilityGlobals) = postSolution
		SolutionGuid = {BBA15D1E-BEFB-4622-90EE-474C8B0B51B3}
	EndGlobalSection
EndGlobal
