
Microsoft Visual Studio Solution File, Format Version 12.00
# Visual Studio Version 16
VisualStudioVersion = 16.0.30114.105
MinimumVisualStudioVersion = 10.0.40219.1
Project("{FAE04EC0-301F-11D3-BF4B-00C04F79EFBC}") = "ProEventos.Application", "ProEventos.Application\ProEventos.Application.csproj", "{00CE65BB-D6A6-4853-9EF0-520268AEF54D}"
EndProject
Project("{FAE04EC0-301F-11D3-BF4B-00C04F79EFBC}") = "ProEventos.Domain", "ProEventos.Domain\ProEventos.Domain.csproj", "{7B58CA65-BD49-4063-9453-5CB4945280A8}"
EndProject
Project("{FAE04EC0-301F-11D3-BF4B-00C04F79EFBC}") = "ProEventos.Persistence", "ProEventos.Persistence\ProEventos.Persistence.csproj", "{1F4F1009-F755-4F39-A01D-4DD573D05136}"
EndProject
Project("{FAE04EC0-301F-11D3-BF4B-00C04F79EFBC}") = "ProEventos.API", "ProEventos.API\ProEventos.API.csproj", "{F80139BD-B060-4A42-8C17-CAECE24970AA}"
EndProject
Global
	GlobalSection(SolutionConfigurationPlatforms) = preSolution
		Debug|Any CPU = Debug|Any CPU
		Debug|x64 = Debug|x64
		Debug|x86 = Debug|x86
		Release|Any CPU = Release|Any CPU
		Release|x64 = Release|x64
		Release|x86 = Release|x86
	EndGlobalSection
	GlobalSection(SolutionProperties) = preSolution
		HideSolutionNode = FALSE
	EndGlobalSection
	GlobalSection(ProjectConfigurationPlatforms) = postSolution
		{00CE65BB-D6A6-4853-9EF0-520268AEF54D}.Debug|Any CPU.ActiveCfg = Debug|Any CPU
		{00CE65BB-D6A6-4853-9EF0-520268AEF54D}.Debug|Any CPU.Build.0 = Debug|Any CPU
		{00CE65BB-D6A6-4853-9EF0-520268AEF54D}.Debug|x64.ActiveCfg = Debug|Any CPU
		{00CE65BB-D6A6-4853-9EF0-520268AEF54D}.Debug|x64.Build.0 = Debug|Any CPU
		{00CE65BB-D6A6-4853-9EF0-520268AEF54D}.Debug|x86.ActiveCfg = Debug|Any CPU
		{00CE65BB-D6A6-4853-9EF0-520268AEF54D}.Debug|x86.Build.0 = Debug|Any CPU
		{00CE65BB-D6A6-4853-9EF0-520268AEF54D}.Release|Any CPU.ActiveCfg = Release|Any CPU
		{00CE65BB-D6A6-4853-9EF0-520268AEF54D}.Release|Any CPU.Build.0 = Release|Any CPU
		{00CE65BB-D6A6-4853-9EF0-520268AEF54D}.Release|x64.ActiveCfg = Release|Any CPU
		{00CE65BB-D6A6-4853-9EF0-520268AEF54D}.Release|x64.Build.0 = Release|Any CPU
		{00CE65BB-D6A6-4853-9EF0-520268AEF54D}.Release|x86.ActiveCfg = Release|Any CPU
		{00CE65BB-D6A6-4853-9EF0-520268AEF54D}.Release|x86.Build.0 = Release|Any CPU
		{7B58CA65-BD49-4063-9453-5CB4945280A8}.Debug|Any CPU.ActiveCfg = Debug|Any CPU
		{7B58CA65-BD49-4063-9453-5CB4945280A8}.Debug|Any CPU.Build.0 = Debug|Any CPU
		{7B58CA65-BD49-4063-9453-5CB4945280A8}.Debug|x64.ActiveCfg = Debug|Any CPU
		{7B58CA65-BD49-4063-9453-5CB4945280A8}.Debug|x64.Build.0 = Debug|Any CPU
		{7B58CA65-BD49-4063-9453-5CB4945280A8}.Debug|x86.ActiveCfg = Debug|Any CPU
		{7B58CA65-BD49-4063-9453-5CB4945280A8}.Debug|x86.Build.0 = Debug|Any CPU
		{7B58CA65-BD49-4063-9453-5CB4945280A8}.Release|Any CPU.ActiveCfg = Release|Any CPU
		{7B58CA65-BD49-4063-9453-5CB4945280A8}.Release|Any CPU.Build.0 = Release|Any CPU
		{7B58CA65-BD49-4063-9453-5CB4945280A8}.Release|x64.ActiveCfg = Release|Any CPU
		{7B58CA65-BD49-4063-9453-5CB4945280A8}.Release|x64.Build.0 = Release|Any CPU
		{7B58CA65-BD49-4063-9453-5CB4945280A8}.Release|x86.ActiveCfg = Release|Any CPU
		{7B58CA65-BD49-4063-9453-5CB4945280A8}.Release|x86.Build.0 = Release|Any CPU
		{1F4F1009-F755-4F39-A01D-4DD573D05136}.Debug|Any CPU.ActiveCfg = Debug|Any CPU
		{1F4F1009-F755-4F39-A01D-4DD573D05136}.Debug|Any CPU.Build.0 = Debug|Any CPU
		{1F4F1009-F755-4F39-A01D-4DD573D05136}.Debug|x64.ActiveCfg = Debug|Any CPU
		{1F4F1009-F755-4F39-A01D-4DD573D05136}.Debug|x64.Build.0 = Debug|Any CPU
		{1F4F1009-F755-4F39-A01D-4DD573D05136}.Debug|x86.ActiveCfg = Debug|Any CPU
		{1F4F1009-F755-4F39-A01D-4DD573D05136}.Debug|x86.Build.0 = Debug|Any CPU
		{1F4F1009-F755-4F39-A01D-4DD573D05136}.Release|Any CPU.ActiveCfg = Release|Any CPU
		{1F4F1009-F755-4F39-A01D-4DD573D05136}.Release|Any CPU.Build.0 = Release|Any CPU
		{1F4F1009-F755-4F39-A01D-4DD573D05136}.Release|x64.ActiveCfg = Release|Any CPU
		{1F4F1009-F755-4F39-A01D-4DD573D05136}.Release|x64.Build.0 = Release|Any CPU
		{1F4F1009-F755-4F39-A01D-4DD573D05136}.Release|x86.ActiveCfg = Release|Any CPU
		{1F4F1009-F755-4F39-A01D-4DD573D05136}.Release|x86.Build.0 = Release|Any CPU
		{F80139BD-B060-4A42-8C17-CAECE24970AA}.Debug|Any CPU.ActiveCfg = Debug|Any CPU
		{F80139BD-B060-4A42-8C17-CAECE24970AA}.Debug|Any CPU.Build.0 = Debug|Any CPU
		{F80139BD-B060-4A42-8C17-CAECE24970AA}.Debug|x64.ActiveCfg = Debug|Any CPU
		{F80139BD-B060-4A42-8C17-CAECE24970AA}.Debug|x64.Build.0 = Debug|Any CPU
		{F80139BD-B060-4A42-8C17-CAECE24970AA}.Debug|x86.ActiveCfg = Debug|Any CPU
		{F80139BD-B060-4A42-8C17-CAECE24970AA}.Debug|x86.Build.0 = Debug|Any CPU
		{F80139BD-B060-4A42-8C17-CAECE24970AA}.Release|Any CPU.ActiveCfg = Release|Any CPU
		{F80139BD-B060-4A42-8C17-CAECE24970AA}.Release|Any CPU.Build.0 = Release|Any CPU
		{F80139BD-B060-4A42-8C17-CAECE24970AA}.Release|x64.ActiveCfg = Release|Any CPU
		{F80139BD-B060-4A42-8C17-CAECE24970AA}.Release|x64.Build.0 = Release|Any CPU
		{F80139BD-B060-4A42-8C17-CAECE24970AA}.Release|x86.ActiveCfg = Release|Any CPU
		{F80139BD-B060-4A42-8C17-CAECE24970AA}.Release|x86.Build.0 = Release|Any CPU
	EndGlobalSection
EndGlobal
